
Microsoft Visual Studio Solution File, Format Version 12.00
# Visual Studio 15
VisualStudioVersion = 15.0.26124.0
MinimumVisualStudioVersion = 15.0.26124.0
Project("{9A19103F-16F7-4668-BE54-9A1E7A4F7556}") = "R5T.Bath.File.Standard.Construction", "R5T.Bath.File.Standard.Construction\R5T.Bath.File.Standard.Construction.csproj", "{5D46793E-8174-4AE8-8D6A-BA7AE25D47B9}"
EndProject
Project("{9A19103F-16F7-4668-BE54-9A1E7A4F7556}") = "R5T.Bath.File.Standard", "R5T.Bath.File.Standard\R5T.Bath.File.Standard.csproj", "{7323A573-FDA7-42C6-AAF1-800DB3098970}"
EndProject
Project("{9A19103F-16F7-4668-BE54-9A1E7A4F7556}") = "R5T.Bath.File.Standard.Testing", "R5T.Bath.File.Standard.Testing\R5T.Bath.File.Standard.Testing.csproj", "{212C6D50-2C7C-485A-A23C-2A29571BF0F4}"
EndProject
Project("{2150E333-8FDC-42A3-9474-1A3956D46DE8}") = "_Dependencies", "_Dependencies", "{118C1ED0-24A2-4411-886F-25272488007A}"
EndProject
Project("{9A19103F-16F7-4668-BE54-9A1E7A4F7556}") = "R5T.Bath.File.Thessaloniki.Standard", "..\..\R5T.Bath.File.Thessaloniki.Standard\source\R5T.Bath.File.Thessaloniki.Standard\R5T.Bath.File.Thessaloniki.Standard.csproj", "{201BD738-101F-4418-9CB4-DD7582AD38E3}"
EndProject
Project("{9A19103F-16F7-4668-BE54-9A1E7A4F7556}") = "R5T.Bath.File.Thessaloniki", "..\..\R5T.Bath.File.Thessaloniki\source\R5T.Bath.File.Thessaloniki\R5T.Bath.File.Thessaloniki.csproj", "{885E0D88-DF6C-4A9A-9129-2AE24E2444F9}"
EndProject
Project("{9A19103F-16F7-4668-BE54-9A1E7A4F7556}") = "R5T.Bath.File.Default", "..\..\R5T.Bath.File.Default\source\R5T.Bath.File.Default\R5T.Bath.File.Default.csproj", "{50745091-5611-4AD8-AAE9-C8440279BEAF}"
EndProject
Project("{9A19103F-16F7-4668-BE54-9A1E7A4F7556}") = "R5T.Bath.File", "..\..\R5T.Bath.File\source\R5T.Bath.File\R5T.Bath.File.csproj", "{3A7C6DB2-DBB9-42BD-B974-89C1A9D97843}"
EndProject
Project("{9A19103F-16F7-4668-BE54-9A1E7A4F7556}") = "R5T.Bath.Default", "..\..\R5T.Bath.Default\source\R5T.Bath.Default\R5T.Bath.Default.csproj", "{BB03FAFD-4AFA-4733-8D88-A017777B1376}"
EndProject
Project("{9A19103F-16F7-4668-BE54-9A1E7A4F7556}") = "R5T.Bath.Base", "..\..\R5T.Bath.Base\source\R5T.Bath.Base\R5T.Bath.Base.csproj", "{867CFCB5-EC94-405C-B1C7-EDF2ECF85F50}"
EndProject
Project("{9A19103F-16F7-4668-BE54-9A1E7A4F7556}") = "R5T.Lombardy.Base", "..\..\R5T.Lombardy.Base\source\R5T.Lombardy.Base\R5T.Lombardy.Base.csproj", "{57CAC955-C38D-4B36-9216-30717C05AF82}"
EndProject
Project("{9A19103F-16F7-4668-BE54-9A1E7A4F7556}") = "R5T.Thessaloniki.Base", "..\..\R5T.Thessaloniki.Base\source\R5T.Thessaloniki.Base\R5T.Thessaloniki.Base.csproj", "{3133354D-CACC-46FC-893A-480D71CD277E}"
EndProject
Project("{9A19103F-16F7-4668-BE54-9A1E7A4F7556}") = "R5T.Dacia.Extensions", "..\..\R5T.Dacia.Extensions\source\R5T.Dacia.Extensions\R5T.Dacia.Extensions.csproj", "{86AA1713-06DE-41B2-BF02-337EBB3A13FC}"
EndProject
Project("{9A19103F-16F7-4668-BE54-9A1E7A4F7556}") = "R5T.Dacia", "..\..\R5T.Dacia\source\R5T.Dacia\R5T.Dacia.csproj", "{5EA7B970-7938-4CBB-A7EF-92B0F1C86981}"
EndProject
Project("{9A19103F-16F7-4668-BE54-9A1E7A4F7556}") = "R5T.Thessaloniki.Standard", "..\..\R5T.Thessaloniki.Standard\source\R5T.Thessaloniki.Standard\R5T.Thessaloniki.Standard.csproj", "{51170538-A80F-47B7-9570-D103A2471FF4}"
EndProject
Project("{9A19103F-16F7-4668-BE54-9A1E7A4F7556}") = "R5T.Thessaloniki.Default", "..\..\R5T.Thessaloniki.Default\source\R5T.Thessaloniki.Default\R5T.Thessaloniki.Default.csproj", "{99DD8691-E22F-48E5-8150-CC35310604BC}"
EndProject
Project("{9A19103F-16F7-4668-BE54-9A1E7A4F7556}") = "R5T.Lombardy.Standard", "..\..\R5T.Lombardy.Standard\source\R5T.Lombardy.Standard\R5T.Lombardy.Standard.csproj", "{BF8F739A-A75D-44AC-A8BB-315B870684ED}"
EndProject
Project("{9A19103F-16F7-4668-BE54-9A1E7A4F7556}") = "R5T.Lombardy", "..\..\R5T.Lombardy\source\R5T.Lombardy\R5T.Lombardy.csproj", "{85845ADA-F489-4E28-BB34-B97096252960}"
EndProject
Project("{9A19103F-16F7-4668-BE54-9A1E7A4F7556}") = "R5T.Cherusci", "..\..\R5T.Cherusci\source\R5T.Cherusci\R5T.Cherusci.csproj", "{C9B04878-A30E-41FE-A6CD-E98360E8E4A4}"
EndProject
Project("{9A19103F-16F7-4668-BE54-9A1E7A4F7556}") = "R5T.Magyar", "..\..\R5T.Magyar\source\R5T.Magyar\R5T.Magyar.csproj", "{CC475DEB-4EFC-475B-AAAF-D465DB4C106B}"
EndProject
Project("{9A19103F-16F7-4668-BE54-9A1E7A4F7556}") = "R5T.Rugia", "..\..\R5T.Rugia\source\R5T.Rugia\R5T.Rugia.csproj", "{B6FAC0C9-3EBC-4F1E-82EC-37B1B0D4CE28}"
EndProject
Project("{9A19103F-16F7-4668-BE54-9A1E7A4F7556}") = "R5T.Rugia.Base", "..\..\R5T.Rugia.Base\source\R5T.Rugia.Base\R5T.Rugia.Base.csproj", "{0575764B-2D4B-46CD-8BAA-E244BBFBD631}"
EndProject
Global
	GlobalSection(SolutionConfigurationPlatforms) = preSolution
		Debug|Any CPU = Debug|Any CPU
		Debug|x64 = Debug|x64
		Debug|x86 = Debug|x86
		Release|Any CPU = Release|Any CPU
		Release|x64 = Release|x64
		Release|x86 = Release|x86
	EndGlobalSection
	GlobalSection(ProjectConfigurationPlatforms) = postSolution
		{5D46793E-8174-4AE8-8D6A-BA7AE25D47B9}.Debug|Any CPU.ActiveCfg = Debug|Any CPU
		{5D46793E-8174-4AE8-8D6A-BA7AE25D47B9}.Debug|Any CPU.Build.0 = Debug|Any CPU
		{5D46793E-8174-4AE8-8D6A-BA7AE25D47B9}.Debug|x64.ActiveCfg = Debug|Any CPU
		{5D46793E-8174-4AE8-8D6A-BA7AE25D47B9}.Debug|x64.Build.0 = Debug|Any CPU
		{5D46793E-8174-4AE8-8D6A-BA7AE25D47B9}.Debug|x86.ActiveCfg = Debug|Any CPU
		{5D46793E-8174-4AE8-8D6A-BA7AE25D47B9}.Debug|x86.Build.0 = Debug|Any CPU
		{5D46793E-8174-4AE8-8D6A-BA7AE25D47B9}.Release|Any CPU.ActiveCfg = Release|Any CPU
		{5D46793E-8174-4AE8-8D6A-BA7AE25D47B9}.Release|Any CPU.Build.0 = Release|Any CPU
		{5D46793E-8174-4AE8-8D6A-BA7AE25D47B9}.Release|x64.ActiveCfg = Release|Any CPU
		{5D46793E-8174-4AE8-8D6A-BA7AE25D47B9}.Release|x64.Build.0 = Release|Any CPU
		{5D46793E-8174-4AE8-8D6A-BA7AE25D47B9}.Release|x86.ActiveCfg = Release|Any CPU
		{5D46793E-8174-4AE8-8D6A-BA7AE25D47B9}.Release|x86.Build.0 = Release|Any CPU
		{7323A573-FDA7-42C6-AAF1-800DB3098970}.Debug|Any CPU.ActiveCfg = Debug|Any CPU
		{7323A573-FDA7-42C6-AAF1-800DB3098970}.Debug|Any CPU.Build.0 = Debug|Any CPU
		{7323A573-FDA7-42C6-AAF1-800DB3098970}.Debug|x64.ActiveCfg = Debug|Any CPU
		{7323A573-FDA7-42C6-AAF1-800DB3098970}.Debug|x64.Build.0 = Debug|Any CPU
		{7323A573-FDA7-42C6-AAF1-800DB3098970}.Debug|x86.ActiveCfg = Debug|Any CPU
		{7323A573-FDA7-42C6-AAF1-800DB3098970}.Debug|x86.Build.0 = Debug|Any CPU
		{7323A573-FDA7-42C6-AAF1-800DB3098970}.Release|Any CPU.ActiveCfg = Release|Any CPU
		{7323A573-FDA7-42C6-AAF1-800DB3098970}.Release|Any CPU.Build.0 = Release|Any CPU
		{7323A573-FDA7-42C6-AAF1-800DB3098970}.Release|x64.ActiveCfg = Release|Any CPU
		{7323A573-FDA7-42C6-AAF1-800DB3098970}.Release|x64.Build.0 = Release|Any CPU
		{7323A573-FDA7-42C6-AAF1-800DB3098970}.Release|x86.ActiveCfg = Release|Any CPU
		{7323A573-FDA7-42C6-AAF1-800DB3098970}.Release|x86.Build.0 = Release|Any CPU
		{212C6D50-2C7C-485A-A23C-2A29571BF0F4}.Debug|Any CPU.ActiveCfg = Debug|Any CPU
		{212C6D50-2C7C-485A-A23C-2A29571BF0F4}.Debug|Any CPU.Build.0 = Debug|Any CPU
		{212C6D50-2C7C-485A-A23C-2A29571BF0F4}.Debug|x64.ActiveCfg = Debug|Any CPU
		{212C6D50-2C7C-485A-A23C-2A29571BF0F4}.Debug|x64.Build.0 = Debug|Any CPU
		{212C6D50-2C7C-485A-A23C-2A29571BF0F4}.Debug|x86.ActiveCfg = Debug|Any CPU
		{212C6D50-2C7C-485A-A23C-2A29571BF0F4}.Debug|x86.Build.0 = Debug|Any CPU
		{212C6D50-2C7C-485A-A23C-2A29571BF0F4}.Release|Any CPU.ActiveCfg = Release|Any CPU
		{212C6D50-2C7C-485A-A23C-2A29571BF0F4}.Release|Any CPU.Build.0 = Release|Any CPU
		{212C6D50-2C7C-485A-A23C-2A29571BF0F4}.Release|x64.ActiveCfg = Release|Any CPU
		{212C6D50-2C7C-485A-A23C-2A29571BF0F4}.Release|x64.Build.0 = Release|Any CPU
		{212C6D50-2C7C-485A-A23C-2A29571BF0F4}.Release|x86.ActiveCfg = Release|Any CPU
		{212C6D50-2C7C-485A-A23C-2A29571BF0F4}.Release|x86.Build.0 = Release|Any CPU
		{201BD738-101F-4418-9CB4-DD7582AD38E3}.Debug|Any CPU.ActiveCfg = Debug|Any CPU
		{201BD738-101F-4418-9CB4-DD7582AD38E3}.Debug|Any CPU.Build.0 = Debug|Any CPU
		{201BD738-101F-4418-9CB4-DD7582AD38E3}.Debug|x64.ActiveCfg = Debug|Any CPU
		{201BD738-101F-4418-9CB4-DD7582AD38E3}.Debug|x64.Build.0 = Debug|Any CPU
		{201BD738-101F-4418-9CB4-DD7582AD38E3}.Debug|x86.ActiveCfg = Debug|Any CPU
		{201BD738-101F-4418-9CB4-DD7582AD38E3}.Debug|x86.Build.0 = Debug|Any CPU
		{201BD738-101F-4418-9CB4-DD7582AD38E3}.Release|Any CPU.ActiveCfg = Release|Any CPU
		{201BD738-101F-4418-9CB4-DD7582AD38E3}.Release|Any CPU.Build.0 = Release|Any CPU
		{201BD738-101F-4418-9CB4-DD7582AD38E3}.Release|x64.ActiveCfg = Release|Any CPU
		{201BD738-101F-4418-9CB4-DD7582AD38E3}.Release|x64.Build.0 = Release|Any CPU
		{201BD738-101F-4418-9CB4-DD7582AD38E3}.Release|x86.ActiveCfg = Release|Any CPU
		{201BD738-101F-4418-9CB4-DD7582AD38E3}.Release|x86.Build.0 = Release|Any CPU
		{885E0D88-DF6C-4A9A-9129-2AE24E2444F9}.Debug|Any CPU.ActiveCfg = Debug|Any CPU
		{885E0D88-DF6C-4A9A-9129-2AE24E2444F9}.Debug|Any CPU.Build.0 = Debug|Any CPU
		{885E0D88-DF6C-4A9A-9129-2AE24E2444F9}.Debug|x64.ActiveCfg = Debug|Any CPU
		{885E0D88-DF6C-4A9A-9129-2AE24E2444F9}.Debug|x64.Build.0 = Debug|Any CPU
		{885E0D88-DF6C-4A9A-9129-2AE24E2444F9}.Debug|x86.ActiveCfg = Debug|Any CPU
		{885E0D88-DF6C-4A9A-9129-2AE24E2444F9}.Debug|x86.Build.0 = Debug|Any CPU
		{885E0D88-DF6C-4A9A-9129-2AE24E2444F9}.Release|Any CPU.ActiveCfg = Release|Any CPU
		{885E0D88-DF6C-4A9A-9129-2AE24E2444F9}.Release|Any CPU.Build.0 = Release|Any CPU
		{885E0D88-DF6C-4A9A-9129-2AE24E2444F9}.Release|x64.ActiveCfg = Release|Any CPU
		{885E0D88-DF6C-4A9A-9129-2AE24E2444F9}.Release|x64.Build.0 = Release|Any CPU
		{885E0D88-DF6C-4A9A-9129-2AE24E2444F9}.Release|x86.ActiveCfg = Release|Any CPU
		{885E0D88-DF6C-4A9A-9129-2AE24E2444F9}.Release|x86.Build.0 = Release|Any CPU
		{50745091-5611-4AD8-AAE9-C8440279BEAF}.Debug|Any CPU.ActiveCfg = Debug|Any CPU
		{50745091-5611-4AD8-AAE9-C8440279BEAF}.Debug|Any CPU.Build.0 = Debug|Any CPU
		{50745091-5611-4AD8-AAE9-C8440279BEAF}.Debug|x64.ActiveCfg = Debug|Any CPU
		{50745091-5611-4AD8-AAE9-C8440279BEAF}.Debug|x64.Build.0 = Debug|Any CPU
		{50745091-5611-4AD8-AAE9-C8440279BEAF}.Debug|x86.ActiveCfg = Debug|Any CPU
		{50745091-5611-4AD8-AAE9-C8440279BEAF}.Debug|x86.Build.0 = Debug|Any CPU
		{50745091-5611-4AD8-AAE9-C8440279BEAF}.Release|Any CPU.ActiveCfg = Release|Any CPU
		{50745091-5611-4AD8-AAE9-C8440279BEAF}.Release|Any CPU.Build.0 = Release|Any CPU
		{50745091-5611-4AD8-AAE9-C8440279BEAF}.Release|x64.ActiveCfg = Release|Any CPU
		{50745091-5611-4AD8-AAE9-C8440279BEAF}.Release|x64.Build.0 = Release|Any CPU
		{50745091-5611-4AD8-AAE9-C8440279BEAF}.Release|x86.ActiveCfg = Release|Any CPU
		{50745091-5611-4AD8-AAE9-C8440279BEAF}.Release|x86.Build.0 = Release|Any CPU
		{3A7C6DB2-DBB9-42BD-B974-89C1A9D97843}.Debug|Any CPU.ActiveCfg = Debug|Any CPU
		{3A7C6DB2-DBB9-42BD-B974-89C1A9D97843}.Debug|Any CPU.Build.0 = Debug|Any CPU
		{3A7C6DB2-DBB9-42BD-B974-89C1A9D97843}.Debug|x64.ActiveCfg = Debug|Any CPU
		{3A7C6DB2-DBB9-42BD-B974-89C1A9D97843}.Debug|x64.Build.0 = Debug|Any CPU
		{3A7C6DB2-DBB9-42BD-B974-89C1A9D97843}.Debug|x86.ActiveCfg = Debug|Any CPU
		{3A7C6DB2-DBB9-42BD-B974-89C1A9D97843}.Debug|x86.Build.0 = Debug|Any CPU
		{3A7C6DB2-DBB9-42BD-B974-89C1A9D97843}.Release|Any CPU.ActiveCfg = Release|Any CPU
		{3A7C6DB2-DBB9-42BD-B974-89C1A9D97843}.Release|Any CPU.Build.0 = Release|Any CPU
		{3A7C6DB2-DBB9-42BD-B974-89C1A9D97843}.Release|x64.ActiveCfg = Release|Any CPU
		{3A7C6DB2-DBB9-42BD-B974-89C1A9D97843}.Release|x64.Build.0 = Release|Any CPU
		{3A7C6DB2-DBB9-42BD-B974-89C1A9D97843}.Release|x86.ActiveCfg = Release|Any CPU
		{3A7C6DB2-DBB9-42BD-B974-89C1A9D97843}.Release|x86.Build.0 = Release|Any CPU
		{BB03FAFD-4AFA-4733-8D88-A017777B1376}.Debug|Any CPU.ActiveCfg = Debug|Any CPU
		{BB03FAFD-4AFA-4733-8D88-A017777B1376}.Debug|Any CPU.Build.0 = Debug|Any CPU
		{BB03FAFD-4AFA-4733-8D88-A017777B1376}.Debug|x64.ActiveCfg = Debug|Any CPU
		{BB03FAFD-4AFA-4733-8D88-A017777B1376}.Debug|x64.Build.0 = Debug|Any CPU
		{BB03FAFD-4AFA-4733-8D88-A017777B1376}.Debug|x86.ActiveCfg = Debug|Any CPU
		{BB03FAFD-4AFA-4733-8D88-A017777B1376}.Debug|x86.Build.0 = Debug|Any CPU
		{BB03FAFD-4AFA-4733-8D88-A017777B1376}.Release|Any CPU.ActiveCfg = Release|Any CPU
		{BB03FAFD-4AFA-4733-8D88-A017777B1376}.Release|Any CPU.Build.0 = Release|Any CPU
		{BB03FAFD-4AFA-4733-8D88-A017777B1376}.Release|x64.ActiveCfg = Release|Any CPU
		{BB03FAFD-4AFA-4733-8D88-A017777B1376}.Release|x64.Build.0 = Release|Any CPU
		{BB03FAFD-4AFA-4733-8D88-A017777B1376}.Release|x86.ActiveCfg = Release|Any CPU
		{BB03FAFD-4AFA-4733-8D88-A017777B1376}.Release|x86.Build.0 = Release|Any CPU
		{867CFCB5-EC94-405C-B1C7-EDF2ECF85F50}.Debug|Any CPU.ActiveCfg = Debug|Any CPU
		{867CFCB5-EC94-405C-B1C7-EDF2ECF85F50}.Debug|Any CPU.Build.0 = Debug|Any CPU
		{867CFCB5-EC94-405C-B1C7-EDF2ECF85F50}.Debug|x64.ActiveCfg = Debug|Any CPU
		{867CFCB5-EC94-405C-B1C7-EDF2ECF85F50}.Debug|x64.Build.0 = Debug|Any CPU
		{867CFCB5-EC94-405C-B1C7-EDF2ECF85F50}.Debug|x86.ActiveCfg = Debug|Any CPU
		{867CFCB5-EC94-405C-B1C7-EDF2ECF85F50}.Debug|x86.Build.0 = Debug|Any CPU
		{867CFCB5-EC94-405C-B1C7-EDF2ECF85F50}.Release|Any CPU.ActiveCfg = Release|Any CPU
		{867CFCB5-EC94-405C-B1C7-EDF2ECF85F50}.Release|Any CPU.Build.0 = Release|Any CPU
		{867CFCB5-EC94-405C-B1C7-EDF2ECF85F50}.Release|x64.ActiveCfg = Release|Any CPU
		{867CFCB5-EC94-405C-B1C7-EDF2ECF85F50}.Release|x64.Build.0 = Release|Any CPU
		{867CFCB5-EC94-405C-B1C7-EDF2ECF85F50}.Release|x86.ActiveCfg = Release|Any CPU
		{867CFCB5-EC94-405C-B1C7-EDF2ECF85F50}.Release|x86.Build.0 = Release|Any CPU
		{57CAC955-C38D-4B36-9216-30717C05AF82}.Debug|Any CPU.ActiveCfg = Debug|Any CPU
		{57CAC955-C38D-4B36-9216-30717C05AF82}.Debug|Any CPU.Build.0 = Debug|Any CPU
		{57CAC955-C38D-4B36-9216-30717C05AF82}.Debug|x64.ActiveCfg = Debug|Any CPU
		{57CAC955-C38D-4B36-9216-30717C05AF82}.Debug|x64.Build.0 = Debug|Any CPU
		{57CAC955-C38D-4B36-9216-30717C05AF82}.Debug|x86.ActiveCfg = Debug|Any CPU
		{57CAC955-C38D-4B36-9216-30717C05AF82}.Debug|x86.Build.0 = Debug|Any CPU
		{57CAC955-C38D-4B36-9216-30717C05AF82}.Release|Any CPU.ActiveCfg = Release|Any CPU
		{57CAC955-C38D-4B36-9216-30717C05AF82}.Release|Any CPU.Build.0 = Release|Any CPU
		{57CAC955-C38D-4B36-9216-30717C05AF82}.Release|x64.ActiveCfg = Release|Any CPU
		{57CAC955-C38D-4B36-9216-30717C05AF82}.Release|x64.Build.0 = Release|Any CPU
		{57CAC955-C38D-4B36-9216-30717C05AF82}.Release|x86.ActiveCfg = Release|Any CPU
		{57CAC955-C38D-4B36-9216-30717C05AF82}.Release|x86.Build.0 = Release|Any CPU
		{3133354D-CACC-46FC-893A-480D71CD277E}.Debug|Any CPU.ActiveCfg = Debug|Any CPU
		{3133354D-CACC-46FC-893A-480D71CD277E}.Debug|Any CPU.Build.0 = Debug|Any CPU
		{3133354D-CACC-46FC-893A-480D71CD277E}.Debug|x64.ActiveCfg = Debug|Any CPU
		{3133354D-CACC-46FC-893A-480D71CD277E}.Debug|x64.Build.0 = Debug|Any CPU
		{3133354D-CACC-46FC-893A-480D71CD277E}.Debug|x86.ActiveCfg = Debug|Any CPU
		{3133354D-CACC-46FC-893A-480D71CD277E}.Debug|x86.Build.0 = Debug|Any CPU
		{3133354D-CACC-46FC-893A-480D71CD277E}.Release|Any CPU.ActiveCfg = Release|Any CPU
		{3133354D-CACC-46FC-893A-480D71CD277E}.Release|Any CPU.Build.0 = Release|Any CPU
		{3133354D-CACC-46FC-893A-480D71CD277E}.Release|x64.ActiveCfg = Release|Any CPU
		{3133354D-CACC-46FC-893A-480D71CD277E}.Release|x64.Build.0 = Release|Any CPU
		{3133354D-CACC-46FC-893A-480D71CD277E}.Release|x86.ActiveCfg = Release|Any CPU
		{3133354D-CACC-46FC-893A-480D71CD277E}.Release|x86.Build.0 = Release|Any CPU
		{86AA1713-06DE-41B2-BF02-337EBB3A13FC}.Debug|Any CPU.ActiveCfg = Debug|Any CPU
		{86AA1713-06DE-41B2-BF02-337EBB3A13FC}.Debug|Any CPU.Build.0 = Debug|Any CPU
		{86AA1713-06DE-41B2-BF02-337EBB3A13FC}.Debug|x64.ActiveCfg = Debug|Any CPU
		{86AA1713-06DE-41B2-BF02-337EBB3A13FC}.Debug|x64.Build.0 = Debug|Any CPU
		{86AA1713-06DE-41B2-BF02-337EBB3A13FC}.Debug|x86.ActiveCfg = Debug|Any CPU
		{86AA1713-06DE-41B2-BF02-337EBB3A13FC}.Debug|x86.Build.0 = Debug|Any CPU
		{86AA1713-06DE-41B2-BF02-337EBB3A13FC}.Release|Any CPU.ActiveCfg = Release|Any CPU
		{86AA1713-06DE-41B2-BF02-337EBB3A13FC}.Release|Any CPU.Build.0 = Release|Any CPU
		{86AA1713-06DE-41B2-BF02-337EBB3A13FC}.Release|x64.ActiveCfg = Release|Any CPU
		{86AA1713-06DE-41B2-BF02-337EBB3A13FC}.Release|x64.Build.0 = Release|Any CPU
		{86AA1713-06DE-41B2-BF02-337EBB3A13FC}.Release|x86.ActiveCfg = Release|Any CPU
		{86AA1713-06DE-41B2-BF02-337EBB3A13FC}.Release|x86.Build.0 = Release|Any CPU
		{5EA7B970-7938-4CBB-A7EF-92B0F1C86981}.Debug|Any CPU.ActiveCfg = Debug|Any CPU
		{5EA7B970-7938-4CBB-A7EF-92B0F1C86981}.Debug|Any CPU.Build.0 = Debug|Any CPU
		{5EA7B970-7938-4CBB-A7EF-92B0F1C86981}.Debug|x64.ActiveCfg = Debug|Any CPU
		{5EA7B970-7938-4CBB-A7EF-92B0F1C86981}.Debug|x64.Build.0 = Debug|Any CPU
		{5EA7B970-7938-4CBB-A7EF-92B0F1C86981}.Debug|x86.ActiveCfg = Debug|Any CPU
		{5EA7B970-7938-4CBB-A7EF-92B0F1C86981}.Debug|x86.Build.0 = Debug|Any CPU
		{5EA7B970-7938-4CBB-A7EF-92B0F1C86981}.Release|Any CPU.ActiveCfg = Release|Any CPU
		{5EA7B970-7938-4CBB-A7EF-92B0F1C86981}.Release|Any CPU.Build.0 = Release|Any CPU
		{5EA7B970-7938-4CBB-A7EF-92B0F1C86981}.Release|x64.ActiveCfg = Release|Any CPU
		{5EA7B970-7938-4CBB-A7EF-92B0F1C86981}.Release|x64.Build.0 = Release|Any CPU
		{5EA7B970-7938-4CBB-A7EF-92B0F1C86981}.Release|x86.ActiveCfg = Release|Any CPU
		{5EA7B970-7938-4CBB-A7EF-92B0F1C86981}.Release|x86.Build.0 = Release|Any CPU
		{51170538-A80F-47B7-9570-D103A2471FF4}.Debug|Any CPU.ActiveCfg = Debug|Any CPU
		{51170538-A80F-47B7-9570-D103A2471FF4}.Debug|Any CPU.Build.0 = Debug|Any CPU
		{51170538-A80F-47B7-9570-D103A2471FF4}.Debug|x64.ActiveCfg = Debug|Any CPU
		{51170538-A80F-47B7-9570-D103A2471FF4}.Debug|x64.Build.0 = Debug|Any CPU
		{51170538-A80F-47B7-9570-D103A2471FF4}.Debug|x86.ActiveCfg = Debug|Any CPU
		{51170538-A80F-47B7-9570-D103A2471FF4}.Debug|x86.Build.0 = Debug|Any CPU
		{51170538-A80F-47B7-9570-D103A2471FF4}.Release|Any CPU.ActiveCfg = Release|Any CPU
		{51170538-A80F-47B7-9570-D103A2471FF4}.Release|Any CPU.Build.0 = Release|Any CPU
		{51170538-A80F-47B7-9570-D103A2471FF4}.Release|x64.ActiveCfg = Release|Any CPU
		{51170538-A80F-47B7-9570-D103A2471FF4}.Release|x64.Build.0 = Release|Any CPU
		{51170538-A80F-47B7-9570-D103A2471FF4}.Release|x86.ActiveCfg = Release|Any CPU
		{51170538-A80F-47B7-9570-D103A2471FF4}.Release|x86.Build.0 = Release|Any CPU
		{99DD8691-E22F-48E5-8150-CC35310604BC}.Debug|Any CPU.ActiveCfg = Debug|Any CPU
		{99DD8691-E22F-48E5-8150-CC35310604BC}.Debug|Any CPU.Build.0 = Debug|Any CPU
		{99DD8691-E22F-48E5-8150-CC35310604BC}.Debug|x64.ActiveCfg = Debug|Any CPU
		{99DD8691-E22F-48E5-8150-CC35310604BC}.Debug|x64.Build.0 = Debug|Any CPU
		{99DD8691-E22F-48E5-8150-CC35310604BC}.Debug|x86.ActiveCfg = Debug|Any CPU
		{99DD8691-E22F-48E5-8150-CC35310604BC}.Debug|x86.Build.0 = Debug|Any CPU
		{99DD8691-E22F-48E5-8150-CC35310604BC}.Release|Any CPU.ActiveCfg = Release|Any CPU
		{99DD8691-E22F-48E5-8150-CC35310604BC}.Release|Any CPU.Build.0 = Release|Any CPU
		{99DD8691-E22F-48E5-8150-CC35310604BC}.Release|x64.ActiveCfg = Release|Any CPU
		{99DD8691-E22F-48E5-8150-CC35310604BC}.Release|x64.Build.0 = Release|Any CPU
		{99DD8691-E22F-48E5-8150-CC35310604BC}.Release|x86.ActiveCfg = Release|Any CPU
		{99DD8691-E22F-48E5-8150-CC35310604BC}.Release|x86.Build.0 = Release|Any CPU
		{BF8F739A-A75D-44AC-A8BB-315B870684ED}.Debug|Any CPU.ActiveCfg = Debug|Any CPU
		{BF8F739A-A75D-44AC-A8BB-315B870684ED}.Debug|Any CPU.Build.0 = Debug|Any CPU
		{BF8F739A-A75D-44AC-A8BB-315B870684ED}.Debug|x64.ActiveCfg = Debug|Any CPU
		{BF8F739A-A75D-44AC-A8BB-315B870684ED}.Debug|x64.Build.0 = Debug|Any CPU
		{BF8F739A-A75D-44AC-A8BB-315B870684ED}.Debug|x86.ActiveCfg = Debug|Any CPU
		{BF8F739A-A75D-44AC-A8BB-315B870684ED}.Debug|x86.Build.0 = Debug|Any CPU
		{BF8F739A-A75D-44AC-A8BB-315B870684ED}.Release|Any CPU.ActiveCfg = Release|Any CPU
		{BF8F739A-A75D-44AC-A8BB-315B870684ED}.Release|Any CPU.Build.0 = Release|Any CPU
		{BF8F739A-A75D-44AC-A8BB-315B870684ED}.Release|x64.ActiveCfg = Release|Any CPU
		{BF8F739A-A75D-44AC-A8BB-315B870684ED}.Release|x64.Build.0 = Release|Any CPU
		{BF8F739A-A75D-44AC-A8BB-315B870684ED}.Release|x86.ActiveCfg = Release|Any CPU
		{BF8F739A-A75D-44AC-A8BB-315B870684ED}.Release|x86.Build.0 = Release|Any CPU
		{85845ADA-F489-4E28-BB34-B97096252960}.Debug|Any CPU.ActiveCfg = Debug|Any CPU
		{85845ADA-F489-4E28-BB34-B97096252960}.Debug|Any CPU.Build.0 = Debug|Any CPU
		{85845ADA-F489-4E28-BB34-B97096252960}.Debug|x64.ActiveCfg = Debug|Any CPU
		{85845ADA-F489-4E28-BB34-B97096252960}.Debug|x64.Build.0 = Debug|Any CPU
		{85845ADA-F489-4E28-BB34-B97096252960}.Debug|x86.ActiveCfg = Debug|Any CPU
		{85845ADA-F489-4E28-BB34-B97096252960}.Debug|x86.Build.0 = Debug|Any CPU
		{85845ADA-F489-4E28-BB34-B97096252960}.Release|Any CPU.ActiveCfg = Release|Any CPU
		{85845ADA-F489-4E28-BB34-B97096252960}.Release|Any CPU.Build.0 = Release|Any CPU
		{85845ADA-F489-4E28-BB34-B97096252960}.Release|x64.ActiveCfg = Release|Any CPU
		{85845ADA-F489-4E28-BB34-B97096252960}.Release|x64.Build.0 = Release|Any CPU
		{85845ADA-F489-4E28-BB34-B97096252960}.Release|x86.ActiveCfg = Release|Any CPU
		{85845ADA-F489-4E28-BB34-B97096252960}.Release|x86.Build.0 = Release|Any CPU
		{C9B04878-A30E-41FE-A6CD-E98360E8E4A4}.Debug|Any CPU.ActiveCfg = Debug|Any CPU
		{C9B04878-A30E-41FE-A6CD-E98360E8E4A4}.Debug|Any CPU.Build.0 = Debug|Any CPU
		{C9B04878-A30E-41FE-A6CD-E98360E8E4A4}.Debug|x64.ActiveCfg = Debug|Any CPU
		{C9B04878-A30E-41FE-A6CD-E98360E8E4A4}.Debug|x64.Build.0 = Debug|Any CPU
		{C9B04878-A30E-41FE-A6CD-E98360E8E4A4}.Debug|x86.ActiveCfg = Debug|Any CPU
		{C9B04878-A30E-41FE-A6CD-E98360E8E4A4}.Debug|x86.Build.0 = Debug|Any CPU
		{C9B04878-A30E-41FE-A6CD-E98360E8E4A4}.Release|Any CPU.ActiveCfg = Release|Any CPU
		{C9B04878-A30E-41FE-A6CD-E98360E8E4A4}.Release|Any CPU.Build.0 = Release|Any CPU
		{C9B04878-A30E-41FE-A6CD-E98360E8E4A4}.Release|x64.ActiveCfg = Release|Any CPU
		{C9B04878-A30E-41FE-A6CD-E98360E8E4A4}.Release|x64.Build.0 = Release|Any CPU
		{C9B04878-A30E-41FE-A6CD-E98360E8E4A4}.Release|x86.ActiveCfg = Release|Any CPU
		{C9B04878-A30E-41FE-A6CD-E98360E8E4A4}.Release|x86.Build.0 = Release|Any CPU
		{CC475DEB-4EFC-475B-AAAF-D465DB4C106B}.Debug|Any CPU.ActiveCfg = Debug|Any CPU
		{CC475DEB-4EFC-475B-AAAF-D465DB4C106B}.Debug|Any CPU.Build.0 = Debug|Any CPU
		{CC475DEB-4EFC-475B-AAAF-D465DB4C106B}.Debug|x64.ActiveCfg = Debug|Any CPU
		{CC475DEB-4EFC-475B-AAAF-D465DB4C106B}.Debug|x64.Build.0 = Debug|Any CPU
		{CC475DEB-4EFC-475B-AAAF-D465DB4C106B}.Debug|x86.ActiveCfg = Debug|Any CPU
		{CC475DEB-4EFC-475B-AAAF-D465DB4C106B}.Debug|x86.Build.0 = Debug|Any CPU
		{CC475DEB-4EFC-475B-AAAF-D465DB4C106B}.Release|Any CPU.ActiveCfg = Release|Any CPU
		{CC475DEB-4EFC-475B-AAAF-D465DB4C106B}.Release|Any CPU.Build.0 = Release|Any CPU
		{CC475DEB-4EFC-475B-AAAF-D465DB4C106B}.Release|x64.ActiveCfg = Release|Any CPU
		{CC475DEB-4EFC-475B-AAAF-D465DB4C106B}.Release|x64.Build.0 = Release|Any CPU
		{CC475DEB-4EFC-475B-AAAF-D465DB4C106B}.Release|x86.ActiveCfg = Release|Any CPU
		{CC475DEB-4EFC-475B-AAAF-D465DB4C106B}.Release|x86.Build.0 = Release|Any CPU
		{B6FAC0C9-3EBC-4F1E-82EC-37B1B0D4CE28}.Debug|Any CPU.ActiveCfg = Debug|Any CPU
		{B6FAC0C9-3EBC-4F1E-82EC-37B1B0D4CE28}.Debug|Any CPU.Build.0 = Debug|Any CPU
		{B6FAC0C9-3EBC-4F1E-82EC-37B1B0D4CE28}.Debug|x64.ActiveCfg = Debug|Any CPU
		{B6FAC0C9-3EBC-4F1E-82EC-37B1B0D4CE28}.Debug|x64.Build.0 = Debug|Any CPU
		{B6FAC0C9-3EBC-4F1E-82EC-37B1B0D4CE28}.Debug|x86.ActiveCfg = Debug|Any CPU
		{B6FAC0C9-3EBC-4F1E-82EC-37B1B0D4CE28}.Debug|x86.Build.0 = Debug|Any CPU
		{B6FAC0C9-3EBC-4F1E-82EC-37B1B0D4CE28}.Release|Any CPU.ActiveCfg = Release|Any CPU
		{B6FAC0C9-3EBC-4F1E-82EC-37B1B0D4CE28}.Release|Any CPU.Build.0 = Release|Any CPU
		{B6FAC0C9-3EBC-4F1E-82EC-37B1B0D4CE28}.Release|x64.ActiveCfg = Release|Any CPU
		{B6FAC0C9-3EBC-4F1E-82EC-37B1B0D4CE28}.Release|x64.Build.0 = Release|Any CPU
		{B6FAC0C9-3EBC-4F1E-82EC-37B1B0D4CE28}.Release|x86.ActiveCfg = Release|Any CPU
		{B6FAC0C9-3EBC-4F1E-82EC-37B1B0D4CE28}.Release|x86.Build.0 = Release|Any CPU
		{0575764B-2D4B-46CD-8BAA-E244BBFBD631}.Debug|Any CPU.ActiveCfg = Debug|Any CPU
		{0575764B-2D4B-46CD-8BAA-E244BBFBD631}.Debug|Any CPU.Build.0 = Debug|Any CPU
		{0575764B-2D4B-46CD-8BAA-E244BBFBD631}.Debug|x64.ActiveCfg = Debug|Any CPU
		{0575764B-2D4B-46CD-8BAA-E244BBFBD631}.Debug|x64.Build.0 = Debug|Any CPU
		{0575764B-2D4B-46CD-8BAA-E244BBFBD631}.Debug|x86.ActiveCfg = Debug|Any CPU
		{0575764B-2D4B-46CD-8BAA-E244BBFBD631}.Debug|x86.Build.0 = Debug|Any CPU
		{0575764B-2D4B-46CD-8BAA-E244BBFBD631}.Release|Any CPU.ActiveCfg = Release|Any CPU
		{0575764B-2D4B-46CD-8BAA-E244BBFBD631}.Release|Any CPU.Build.0 = Release|Any CPU
		{0575764B-2D4B-46CD-8BAA-E244BBFBD631}.Release|x64.ActiveCfg = Release|Any CPU
		{0575764B-2D4B-46CD-8BAA-E244BBFBD631}.Release|x64.Build.0 = Release|Any CPU
		{0575764B-2D4B-46CD-8BAA-E244BBFBD631}.Release|x86.ActiveCfg = Release|Any CPU
		{0575764B-2D4B-46CD-8BAA-E244BBFBD631}.Release|x86.Build.0 = Release|Any CPU
	EndGlobalSection
	GlobalSection(SolutionProperties) = preSolution
		HideSolutionNode = FALSE
	EndGlobalSection
	GlobalSection(NestedProjects) = preSolution
		{201BD738-101F-4418-9CB4-DD7582AD38E3} = {118C1ED0-24A2-4411-886F-25272488007A}
		{885E0D88-DF6C-4A9A-9129-2AE24E2444F9} = {118C1ED0-24A2-4411-886F-25272488007A}
		{50745091-5611-4AD8-AAE9-C8440279BEAF} = {118C1ED0-24A2-4411-886F-25272488007A}
		{3A7C6DB2-DBB9-42BD-B974-89C1A9D97843} = {118C1ED0-24A2-4411-886F-25272488007A}
		{BB03FAFD-4AFA-4733-8D88-A017777B1376} = {118C1ED0-24A2-4411-886F-25272488007A}
		{867CFCB5-EC94-405C-B1C7-EDF2ECF85F50} = {118C1ED0-24A2-4411-886F-25272488007A}
		{57CAC955-C38D-4B36-9216-30717C05AF82} = {118C1ED0-24A2-4411-886F-25272488007A}
		{3133354D-CACC-46FC-893A-480D71CD277E} = {118C1ED0-24A2-4411-886F-25272488007A}
		{86AA1713-06DE-41B2-BF02-337EBB3A13FC} = {118C1ED0-24A2-4411-886F-25272488007A}
		{5EA7B970-7938-4CBB-A7EF-92B0F1C86981} = {118C1ED0-24A2-4411-886F-25272488007A}
		{51170538-A80F-47B7-9570-D103A2471FF4} = {118C1ED0-24A2-4411-886F-25272488007A}
		{99DD8691-E22F-48E5-8150-CC35310604BC} = {118C1ED0-24A2-4411-886F-25272488007A}
		{BF8F739A-A75D-44AC-A8BB-315B870684ED} = {118C1ED0-24A2-4411-886F-25272488007A}
		{85845ADA-F489-4E28-BB34-B97096252960} = {118C1ED0-24A2-4411-886F-25272488007A}
		{C9B04878-A30E-41FE-A6CD-E98360E8E4A4} = {118C1ED0-24A2-4411-886F-25272488007A}
		{CC475DEB-4EFC-475B-AAAF-D465DB4C106B} = {118C1ED0-24A2-4411-886F-25272488007A}
		{B6FAC0C9-3EBC-4F1E-82EC-37B1B0D4CE28} = {118C1ED0-24A2-4411-886F-25272488007A}
		{0575764B-2D4B-46CD-8BAA-E244BBFBD631} = {118C1ED0-24A2-4411-886F-25272488007A}
	EndGlobalSection
	GlobalSection(ExtensibilityGlobals) = postSolution
		SolutionGuid = {26B3C32C-E9F0-4E82-972A-F5D04402359D}
	EndGlobalSection
EndGlobal
